
Microsoft Visual Studio Solution File, Format Version 12.00
# Visual Studio Version 17
VisualStudioVersion = 17.8.34408.163
MinimumVisualStudioVersion = 10.0.40219.1
Project("{FAE04EC0-301F-11D3-BF4B-00C04F79EFBC}") = "DevOps.Parcial", "DevOps.Parcial.csproj", "{13A141B1-893E-4598-8430-C9D99849F8DC}"
EndProject
Global
	GlobalSection(SolutionConfigurationPlatforms) = preSolution
		Debug|Any CPU = Debug|Any CPU
		Release|Any CPU = Release|Any CPU
	EndGlobalSection
	GlobalSection(ProjectConfigurationPlatforms) = postSolution
		{13A141B1-893E-4598-8430-C9D99849F8DC}.Debug|Any CPU.ActiveCfg = Debug|Any CPU
		{13A141B1-893E-4598-8430-C9D99849F8DC}.Debug|Any CPU.Build.0 = Debug|Any CPU
		{13A141B1-893E-4598-8430-C9D99849F8DC}.Release|Any CPU.ActiveCfg = Release|Any CPU
		{13A141B1-893E-4598-8430-C9D99849F8DC}.Release|Any CPU.Build.0 = Release|Any CPU
	EndGlobalSection
	GlobalSection(SolutionProperties) = preSolution
		HideSolutionNode = FALSE
	EndGlobalSection
	GlobalSection(ExtensibilityGlobals) = postSolution
		SolutionGuid = {4E96F4D1-2DE4-41A4-82B7-0CAF7573373C}
	EndGlobalSection
EndGlobal
